
Microsoft Visual Studio Solution File, Format Version 12.00
# Visual Studio Version 17
VisualStudioVersion = 17.11.35312.102
MinimumVisualStudioVersion = 10.0.40219.1
Project("{FAE04EC0-301F-11D3-BF4B-00C04F79EFBC}") = "UmaPoyofeatChatGPT2", "UmaPoyofeatChatGPT2.csproj", "{3E2130A5-7DD8-469C-B93D-64D8CC54BE6D}"
EndProject
Global
	GlobalSection(SolutionConfigurationPlatforms) = preSolution
		Debug|Any CPU = Debug|Any CPU
		Release|Any CPU = Release|Any CPU
	EndGlobalSection
	GlobalSection(ProjectConfigurationPlatforms) = postSolution
		{3E2130A5-7DD8-469C-B93D-64D8CC54BE6D}.Debug|Any CPU.ActiveCfg = Debug|Any CPU
		{3E2130A5-7DD8-469C-B93D-64D8CC54BE6D}.Debug|Any CPU.Build.0 = Debug|Any CPU
		{3E2130A5-7DD8-469C-B93D-64D8CC54BE6D}.Release|Any CPU.ActiveCfg = Release|Any CPU
		{3E2130A5-7DD8-469C-B93D-64D8CC54BE6D}.Release|Any CPU.Build.0 = Release|Any CPU
	EndGlobalSection
	GlobalSection(SolutionProperties) = preSolution
		HideSolutionNode = FALSE
	EndGlobalSection
	GlobalSection(ExtensibilityGlobals) = postSolution
		SolutionGuid = {140C9BD6-009B-4380-98A2-1540295E13D3}
	EndGlobalSection
EndGlobal
